
Microsoft Visual Studio Solution File, Format Version 11.00
# Visual Studio 2010
Project("{FAE04EC0-301F-11D3-BF4B-00C04F79EFBC}") = "project_vrptw", "project_vrptw\project_vrptw.csproj", "{E7019DAB-15FC-4B80-9BE9-EA6A0606224E}"
EndProject
Global
	GlobalSection(SolutionConfigurationPlatforms) = preSolution
		Debug|x86 = Debug|x86
		Release|x86 = Release|x86
	EndGlobalSection
	GlobalSection(ProjectConfigurationPlatforms) = postSolution
		{E7019DAB-15FC-4B80-9BE9-EA6A0606224E}.Debug|x86.ActiveCfg = Debug|x86
		{E7019DAB-15FC-4B80-9BE9-EA6A0606224E}.Debug|x86.Build.0 = Debug|x86
		{E7019DAB-15FC-4B80-9BE9-EA6A0606224E}.Release|x86.ActiveCfg = Release|x86
		{E7019DAB-15FC-4B80-9BE9-EA6A0606224E}.Release|x86.Build.0 = Release|x86
	EndGlobalSection
	GlobalSection(SolutionProperties) = preSolution
		HideSolutionNode = FALSE
	EndGlobalSection
EndGlobal
